
Microsoft Visual Studio Solution File, Format Version 12.00
# Visual Studio Version 17
VisualStudioVersion = 17.2.32630.192
MinimumVisualStudioVersion = 10.0.40219.1
Project("{9A19103F-16F7-4668-BE54-9A1E7A4F7556}") = "R5T.F0065", "R5T.F0065\R5T.F0065.csproj", "{334A3001-B2E5-4209-A4C1-E008851F3B97}"
EndProject
Project("{2150E333-8FDC-42A3-9474-1A3956D46DE8}") = "_Dependencies", "_Dependencies", "{FDB8BFB0-7B06-4916-A125-D4EBAB4C3001}"
EndProject
Project("{9A19103F-16F7-4668-BE54-9A1E7A4F7556}") = "R5T.NG0009", "..\..\R5T.NG0009\source\R5T.NG0009\R5T.NG0009.csproj", "{A97FFA84-2F9B-461F-918E-123B3E3D9493}"
EndProject
Project("{9A19103F-16F7-4668-BE54-9A1E7A4F7556}") = "R5T.T0132", "..\..\R5T.T0132\source\R5T.T0132\R5T.T0132.csproj", "{252E5FDD-8619-4EFC-B0CB-CB6960F50511}"
EndProject
Project("{9A19103F-16F7-4668-BE54-9A1E7A4F7556}") = "R5T.T0143", "..\..\R5T.T0143\source\R5T.T0143\R5T.T0143.csproj", "{FC05C854-2CAB-4FCE-8761-22AEA5054410}"
EndProject
Global
	GlobalSection(NestedProjects) = preSolution
		{A97FFA84-2F9B-461F-918E-123B3E3D9493} = {FDB8BFB0-7B06-4916-A125-D4EBAB4C3001}
		{252E5FDD-8619-4EFC-B0CB-CB6960F50511} = {FDB8BFB0-7B06-4916-A125-D4EBAB4C3001}
		{FC05C854-2CAB-4FCE-8761-22AEA5054410} = {FDB8BFB0-7B06-4916-A125-D4EBAB4C3001}
	EndGlobalSection
	GlobalSection(SolutionConfigurationPlatforms) = preSolution
		Debug|Any CPU = Debug|Any CPU
		Release|Any CPU = Release|Any CPU
	EndGlobalSection
	GlobalSection(ProjectConfigurationPlatforms) = postSolution
		{334A3001-B2E5-4209-A4C1-E008851F3B97}.Debug|Any CPU.ActiveCfg = Debug|Any CPU
		{334A3001-B2E5-4209-A4C1-E008851F3B97}.Debug|Any CPU.Build.0 = Debug|Any CPU
		{334A3001-B2E5-4209-A4C1-E008851F3B97}.Release|Any CPU.ActiveCfg = Release|Any CPU
		{334A3001-B2E5-4209-A4C1-E008851F3B97}.Release|Any CPU.Build.0 = Release|Any CPU
		{A97FFA84-2F9B-461F-918E-123B3E3D9493}.Debug|Any CPU.ActiveCfg = Debug|Any CPU
		{A97FFA84-2F9B-461F-918E-123B3E3D9493}.Debug|Any CPU.Build.0 = Debug|Any CPU
		{A97FFA84-2F9B-461F-918E-123B3E3D9493}.Release|Any CPU.ActiveCfg = Release|Any CPU
		{A97FFA84-2F9B-461F-918E-123B3E3D9493}.Release|Any CPU.Build.0 = Release|Any CPU
		{252E5FDD-8619-4EFC-B0CB-CB6960F50511}.Debug|Any CPU.ActiveCfg = Debug|Any CPU
		{252E5FDD-8619-4EFC-B0CB-CB6960F50511}.Debug|Any CPU.Build.0 = Debug|Any CPU
		{252E5FDD-8619-4EFC-B0CB-CB6960F50511}.Release|Any CPU.ActiveCfg = Release|Any CPU
		{252E5FDD-8619-4EFC-B0CB-CB6960F50511}.Release|Any CPU.Build.0 = Release|Any CPU
		{FC05C854-2CAB-4FCE-8761-22AEA5054410}.Debug|Any CPU.ActiveCfg = Debug|Any CPU
		{FC05C854-2CAB-4FCE-8761-22AEA5054410}.Debug|Any CPU.Build.0 = Debug|Any CPU
		{FC05C854-2CAB-4FCE-8761-22AEA5054410}.Release|Any CPU.ActiveCfg = Release|Any CPU
		{FC05C854-2CAB-4FCE-8761-22AEA5054410}.Release|Any CPU.Build.0 = Release|Any CPU
	EndGlobalSection
	GlobalSection(SolutionProperties) = preSolution
		HideSolutionNode = FALSE
	EndGlobalSection
	GlobalSection(ExtensibilityGlobals) = postSolution
		SolutionGuid = {017F5D18-E88A-4050-9877-CB6130AD5E38}
	EndGlobalSection
EndGlobal
